<?xml version="1.0" encoding="utf-8"?>
<Project ToolsVersion="4.0" xmlns="http://schemas.microsoft.com/developer/msbuild/2003">
  <ItemGroup>
    <ClCompile Include="base64.cpp" />
    <ClCompile Include="futil.cpp" />
    <ClCompile Include="SettingDlg.cpp" />
    <ClCompile Include="stdafx.cpp" />
    <ClCompile Include="Tab_Device.cpp" />
    <ClCompile Include="Tab_Other.cpp" />
    <ClCompile Include="Tab_Param.cpp" />
    <ClCompile Include="ZKCameraDemo.cpp" />
    <ClCompile Include="ZKCameraDemoDlg.cpp" />
    <ClCompile Include="common.cpp" />
  </ItemGroup>
  <ItemGroup>
    <ClInclude Include="base64.h" />
    <ClInclude Include="futil.h" />
    <ClInclude Include="Resource.h" />
    <ClInclude Include="SettingDlg.h" />
    <ClInclude Include="stdafx.h" />
    <ClInclude Include="Tab_Device.h" />
    <ClInclude Include="Tab_Other.h" />
    <ClInclude Include="Tab_Param.h" />
    <ClInclude Include="targetver.h" />
    <ClInclude Include="usbiodef.h" />
    <ClInclude Include="ZKCameraDemo.h" />
    <ClInclude Include="ZKCameraDemoDlg.h" />
    <ClInclude Include="ZKCameraLib.h" />
    <ClInclude Include="ZKHIDLib.h" />
    <ClInclude Include="common.h" />
  </ItemGroup>
  <ItemGroup>
    <ResourceCompile Include="ZKCameraDemo.rc" />
  </ItemGroup>
  <ItemGroup>
    <None Include="ReadMe.txt" />
    <None Include="res\480x640.bmp" />
    <None Include="res\bg.bmp" />
    <None Include="res\bitmap1.bmp" />
    <None Include="res\ZKCameraDemo.ico" />
    <None Include="res\ZKCameraDemo.rc2" />
  </ItemGroup>
</Project>